
Microsoft Visual Studio Solution File, Format Version 12.00
Project("{FAE04EC0-301F-11D3-BF4B-00C04F79EFBC}") = "CakeBuild", "CakeBuild\CakeBuild.csproj", "{B265DAA5-3766-4359-9810-1AE9F2CADC3A}"
EndProject
Project("{FAE04EC0-301F-11D3-BF4B-00C04F79EFBC}") = "Alchemy", "Alchemy\Alchemy.csproj", "{4FEBE9B0-1C95-4147-A2CA-EF2EAB918747}"
EndProject
Global
	GlobalSection(SolutionConfigurationPlatforms) = preSolution
		Debug|Any CPU = Debug|Any CPU
		Release|Any CPU = Release|Any CPU
	EndGlobalSection
	GlobalSection(ProjectConfigurationPlatforms) = postSolution
		{B265DAA5-3766-4359-9810-1AE9F2CADC3A}.Debug|Any CPU.ActiveCfg = Debug|Any CPU
		{B265DAA5-3766-4359-9810-1AE9F2CADC3A}.Debug|Any CPU.Build.0 = Debug|Any CPU
		{B265DAA5-3766-4359-9810-1AE9F2CADC3A}.Release|Any CPU.ActiveCfg = Release|Any CPU
		{B265DAA5-3766-4359-9810-1AE9F2CADC3A}.Release|Any CPU.Build.0 = Release|Any CPU
		{4FEBE9B0-1C95-4147-A2CA-EF2EAB918747}.Debug|Any CPU.ActiveCfg = Debug|Any CPU
		{4FEBE9B0-1C95-4147-A2CA-EF2EAB918747}.Debug|Any CPU.Build.0 = Debug|Any CPU
		{4FEBE9B0-1C95-4147-A2CA-EF2EAB918747}.Release|Any CPU.ActiveCfg = Release|Any CPU
		{4FEBE9B0-1C95-4147-A2CA-EF2EAB918747}.Release|Any CPU.Build.0 = Release|Any CPU
	EndGlobalSection
EndGlobal
